PODS:
  - Alamofire (5.7.0)
  - AWSCore (2.31.1)
  - AWSS3 (2.31.1):
    - AWSCore (= 2.31.1)
  - Charts (4.1.0):
    - Charts/Core (= 4.1.0)
  - Charts/Core (4.1.0):
    - SwiftAlgorithms (~> 1.0)
  - DropDown (2.3.13)
  - ExpyTableView (1.2.1)
  - Firebase/Analytics (10.9.0):
    - Firebase/Core
  - Firebase/Core (10.9.0):
    - Firebase/CoreOnly
    - FirebaseAnalytics (~> 10.9.0)
  - Firebase/CoreOnly (10.9.0):
    - FirebaseCore (= 10.9.0)
  - Firebase/Crashlytics (10.9.0):
    - Firebase/CoreOnly
    - FirebaseCrashlytics (~> 10.9.0)
  - FirebaseABTesting (10.9.0):
    - FirebaseCore (~> 10.0)
  - FirebaseAnalytics (10.9.0):
    - FirebaseAnalytics/AdIdSupport (= 10.9.0)
    - FirebaseCore (~> 10.0)
    - FirebaseInstallations (~> 10.0)
    - GoogleUtilities/AppDelegateSwizzler (~> 7.11)
    - GoogleUtilities/MethodSwizzler (~> 7.11)
    - GoogleUtilities/Network (~> 7.11)
    - "GoogleUtilities/NSData+zlib (~> 7.11)"
    - nanopb (< 2.30910.0, >= 2.30908.0)
  - FirebaseAnalytics/AdIdSupport (10.9.0):
    - FirebaseCore (~> 10.0)
    - FirebaseInstallations (~> 10.0)
    - GoogleAppMeasurement (= 10.9.0)
    - GoogleUtilities/AppDelegateSwizzler (~> 7.11)
    - GoogleUtilities/MethodSwizzler (~> 7.11)
    - GoogleUtilities/Network (~> 7.11)
    - "GoogleUtilities/NSData+zlib (~> 7.11)"
    - nanopb (< 2.30910.0, >= 2.30908.0)
  - FirebaseCore (10.9.0):
    - FirebaseCoreInternal (~> 10.0)
    - GoogleUtilities/Environment (~> 7.8)
    - GoogleUtilities/Logger (~> 7.8)
  - FirebaseCoreExtension (10.9.0):
    - FirebaseCore (~> 10.0)
  - FirebaseCoreInternal (10.9.0):
    - "GoogleUtilities/NSData+zlib (~> 7.8)"
  - FirebaseCrashlytics (10.9.0):
    - FirebaseCore (~> 10.5)
    - FirebaseInstallations (~> 10.0)
    - FirebaseSessions (~> 10.5)
    - GoogleDataTransport (~> 9.2)
    - GoogleUtilities/Environment (~> 7.8)
    - nanopb (< 2.30910.0, >= 2.30908.0)
    - PromisesObjC (~> 2.1)
  - FirebaseInstallations (10.9.0):
    - FirebaseCore (~> 10.0)
    - GoogleUtilities/Environment (~> 7.8)
    - GoogleUtilities/UserDefaults (~> 7.8)
    - PromisesObjC (~> 2.1)
  - FirebaseRemoteConfig (10.9.0):
    - FirebaseABTesting (~> 10.0)
    - FirebaseCore (~> 10.0)
    - FirebaseInstallations (~> 10.0)
    - GoogleUtilities/Environment (~> 7.8)
    - "GoogleUtilities/NSData+zlib (~> 7.8)"
  - FirebaseSessions (10.9.0):
    - FirebaseCore (~> 10.5)
    - FirebaseCoreExtension (~> 10.0)
    - FirebaseInstallations (~> 10.0)
    - GoogleDataTransport (~> 9.2)
    - GoogleUtilities/Environment (~> 7.10)
    - nanopb (< 2.30910.0, >= 2.30908.0)
    - PromisesSwift (~> 2.1)
  - Floaty (4.2.0)
  - GoogleAppMeasurement (10.9.0):
    - GoogleAppMeasurement/AdIdSupport (= 10.9.0)
    - GoogleUtilities/AppDelegateSwizzler (~> 7.11)
    - GoogleUtilities/MethodSwizzler (~> 7.11)
    - GoogleUtilities/Network (~> 7.11)
    - "GoogleUtilities/NSData+zlib (~> 7.11)"
    - nanopb (< 2.30910.0, >= 2.30908.0)
  - GoogleAppMeasurement/AdIdSupport (10.9.0):
    - GoogleAppMeasurement/WithoutAdIdSupport (= 10.9.0)
    - GoogleUtilities/AppDelegateSwizzler (~> 7.11)
    - GoogleUtilities/MethodSwizzler (~> 7.11)
    - GoogleUtilities/Network (~> 7.11)
    - "GoogleUtilities/NSData+zlib (~> 7.11)"
    - nanopb (< 2.30910.0, >= 2.30908.0)
  - GoogleAppMeasurement/WithoutAdIdSupport (10.9.0):
    - GoogleUtilities/AppDelegateSwizzler (~> 7.11)
    - GoogleUtilities/MethodSwizzler (~> 7.11)
    - GoogleUtilities/Network (~> 7.11)
    - "GoogleUtilities/NSData+zlib (~> 7.11)"
    - nanopb (< 2.30910.0, >= 2.30908.0)
  - GoogleDataTransport (9.2.3):
    - GoogleUtilities/Environment (~> 7.7)
    - nanopb (< 2.30910.0, >= 2.30908.0)
    - PromisesObjC (< 3.0, >= 1.2)
  - GoogleMaps (4.0.0):
    - GoogleMaps/Maps (= 4.0.0)
  - GoogleMaps/Base (4.0.0)
  - GoogleMaps/Maps (4.0.0):
    - GoogleMaps/Base
  - GooglePlaces (4.0.0):
    - GoogleMaps/Base (= 4.0.0)
  - GoogleUtilities/AppDelegateSwizzler (7.11.1):
    - GoogleUtilities/Environment
    - GoogleUtilities/Logger
    - GoogleUtilities/Network
  - GoogleUtilities/Environment (7.11.1):
    - PromisesObjC (< 3.0, >= 1.2)
  - GoogleUtilities/Logger (7.11.1):
    - GoogleUtilities/Environment
  - GoogleUtilities/MethodSwizzler (7.11.1):
    - GoogleUtilities/Logger
  - GoogleUtilities/Network (7.11.1):
    - GoogleUtilities/Logger
    - "GoogleUtilities/NSData+zlib"
    - GoogleUtilities/Reachability
  - "GoogleUtilities/NSData+zlib (7.11.1)"
  - GoogleUtilities/Reachability (7.11.1):
    - GoogleUtilities/Logger
  - GoogleUtilities/UserDefaults (7.11.1):
    - GoogleUtilities/Logger
  - JupiterSDK (1.11.32)
  - Kingfisher (7.6.2)
  - nanopb (2.30909.0):
    - nanopb/decode (= 2.30909.0)
    - nanopb/encode (= 2.30909.0)
  - nanopb/decode (2.30909.0)
  - nanopb/encode (2.30909.0)
  - PromisesObjC (2.2.0)
  - PromisesSwift (2.2.0):
    - PromisesObjC (= 2.2.0)
  - SnapKit (5.6.0)
  - SwiftAlgorithms (1.0.0)
  - SwiftCSVExport (2.6.0)
  - TextFieldEffects (1.6.0)

DEPENDENCIES:
  - Alamofire
  - AWSS3
  - Charts
  - DropDown
  - ExpyTableView
  - Firebase/Analytics
  - Firebase/Crashlytics
  - FirebaseRemoteConfig
  - Floaty (~> 4.2.0)
  - GoogleMaps (= 4.0.0)
  - GooglePlaces (= 4.0.0)
  - JupiterSDK (from `../`)
  - Kingfisher
  - SnapKit
  - SwiftCSVExport (= 2.6.0)
  - TextFieldEffects

SPEC REPOS:
  trunk:
    - Alamofire
    - AWSCore
    - AWSS3
    - Charts
    - DropDown
    - ExpyTableView
    - Firebase
    - FirebaseABTesting
    - FirebaseAnalytics
    - FirebaseCore
    - FirebaseCoreExtension
    - FirebaseCoreInternal
    - FirebaseCrashlytics
    - FirebaseInstallations
    - FirebaseRemoteConfig
    - FirebaseSessions
    - Floaty
    - GoogleAppMeasurement
    - GoogleDataTransport
    - GoogleMaps
    - GooglePlaces
    - GoogleUtilities
    - Kingfisher
    - nanopb
    - PromisesObjC
    - PromisesSwift
    - SnapKit
    - SwiftAlgorithms
    - SwiftCSVExport
    - TextFieldEffects

EXTERNAL SOURCES:
  JupiterSDK:
    :path: "../"

SPEC CHECKSUMS:
  Alamofire: ad60cc5d76abe294f672f51f5aaa4a6ef164ede3
  AWSCore: 3fa19af1810d4430cfb735cc5323b68d8674fb5b
  AWSS3: 7d3338838bb1c144c0c57511ea661a588f439398
  Charts: 354f86803d11d9c35de280587fef50d1af063978
  DropDown: 8a2116376c1981888557f72ec2ffc9a5e0e456ec
  ExpyTableView: 19cf224c2ff04b1ec215ec52bc4ba6f81fa809ed
  Firebase: bd152f0f3d278c4060c5c71359db08ebcfd5a3e2
  FirebaseABTesting: 005b70969e2817e2a1e631e8dba29134a04c0622
  FirebaseAnalytics: 5ea0db4893825e7b0149d575352cd838236313dc
  FirebaseCore: b68d3616526ec02e4d155166bbafb8eca64af557
  FirebaseCoreExtension: d3e9bba2930a8033042112397cd9f006a1bb203d
  FirebaseCoreInternal: d2b4acb827908e72eca47a9fd896767c3053921e
  FirebaseCrashlytics: b60329455285aff853e54139d8ddbfe1e5f2b9f9
  FirebaseInstallations: c58489c9caacdbf27d1da60891a87318e20218e0
  FirebaseRemoteConfig: 5ea5834e8c518f377bf1af2d97ebd611914ebf2d
  FirebaseSessions: 44a6782502eb279a214d4adca20891353278760c
  Floaty: e2bd5a0f6f7f70899e26ff2da31081c8bee8d1b0
  GoogleAppMeasurement: 373bcbead1bb6a85be7a64d5d8f96284b762ea9c
  GoogleDataTransport: f0308f5905a745f94fb91fea9c6cbaf3831cb1bd
  GoogleMaps: b7f7fc569a9b354a3af0d9729dbec40957b7d41e
  GooglePlaces: ca8d4aba09ba79e0a829cf1dca03a41de6a09016
  GoogleUtilities: 9aa0ad5a7bc171f8bae016300bfcfa3fb8425749
  JupiterSDK: adb46a690276e5c84ab860649633689ad1f2e12e
  Kingfisher: 6c5449c6450c5239166510ba04afe374a98afc4f
  nanopb: b552cce312b6c8484180ef47159bc0f65a1f0431
  PromisesObjC: 09985d6d70fbe7878040aa746d78236e6946d2ef
  PromisesSwift: cf9eb58666a43bbe007302226e510b16c1e10959
  SnapKit: e01d52ebb8ddbc333eefe2132acf85c8227d9c25
  SwiftAlgorithms: 38dda4731d19027fdeee1125f973111bf3386b53
  SwiftCSVExport: d9db3fb80484115028792f8d539445e3fb2c0ecb
  TextFieldEffects: 529b8aff706fb40f82c41c780c0777941a893796

PODFILE CHECKSUM: cd8300d4523651d22aefd0ddc4907aba7066a793

COCOAPODS: 1.12.0
