{
  "pins" : [
    {
      "identity" : "inputbaraccessoryview",
      "kind" : "remoteSourceControl",
      "location" : "https://github.com/nathantannar4/InputBarAccessoryView",
      "state" : {
        "revision" : "e5da8c5e3c6ff2740ec2b721dd71e2cf24053001",
        "version" : "6.1.0"
      }
    },
    {
      "identity" : "messagekit",
      "kind" : "remoteSourceControl",
      "location" : "https://github.com/MessageKit/MessageKit",
      "state" : {
        "revision" : "f3f61ebbc9c56533700c2e7b5742682849cc314d",
        "version" : "4.0.0"
      }
    }
  ],
  "version" : 2
}
