// !$*UTF8*$!
{
	archiveVersion = 1;
	classes = {
	};
	objectVersion = 46;
	objects = {

/* Begin PBXBuildFile section */
		094712FBE9AB87C7271608AA /* Pods_JupiterSDK_Tests.framework in Frameworks */ = {isa = PBXBuildFile; fileRef = F53652D9802675AD38E29753 /* Pods_JupiterSDK_Tests.framework */; };
		607FACD61AFB9204008FA782 /* AppDelegate.swift in Sources */ = {isa = PBXBuildFile; fileRef = 607FACD51AFB9204008FA782 /* AppDelegate.swift */; };
		607FACD81AFB9204008FA782 /* MainViewController.swift in Sources */ = {isa = PBXBuildFile; fileRef = 607FACD71AFB9204008FA782 /* MainViewController.swift */; };
		607FACDB1AFB9204008FA782 /* Main.storyboard in Resources */ = {isa = PBXBuildFile; fileRef = 607FACD91AFB9204008FA782 /* Main.storyboard */; };
		607FACDD1AFB9204008FA782 /* Images.xcassets in Resources */ = {isa = PBXBuildFile; fileRef = 607FACDC1AFB9204008FA782 /* Images.xcassets */; };
		607FACE01AFB9204008FA782 /* LaunchScreen.xib in Resources */ = {isa = PBXBuildFile; fileRef = 607FACDE1AFB9204008FA782 /* LaunchScreen.xib */; };
		607FACEC1AFB9204008FA782 /* Tests.swift in Sources */ = {isa = PBXBuildFile; fileRef = 607FACEB1AFB9204008FA782 /* Tests.swift */; };
		9A16870CE33E63FE35238C05 /* Pods_JupiterSDK_Example.framework in Frameworks */ = {isa = PBXBuildFile; fileRef = DB77B350B78C4D6D3DA0D745 /* Pods_JupiterSDK_Example.framework */; };
		B340EE3328093FB20096E404 /* CardViewController.swift in Sources */ = {isa = PBXBuildFile; fileRef = B340EE3228093FB20096E404 /* CardViewController.swift */; };
		B340EE3D280965F90096E404 /* CollectionViewCell.swift in Sources */ = {isa = PBXBuildFile; fileRef = B340EE3C280965F90096E404 /* CollectionViewCell.swift */; };
		B360D8652807C6090084FB22 /* GoogleService-Info.plist in Resources */ = {isa = PBXBuildFile; fileRef = B360D8642807C6090084FB22 /* GoogleService-Info.plist */; };
		B360D88E28090D6A0084FB22 /* NotoSansKR-Bold.otf in Resources */ = {isa = PBXBuildFile; fileRef = B360D88828090D680084FB22 /* NotoSansKR-Bold.otf */; };
		B360D88F28090D6A0084FB22 /* NotoSansKR-Light.otf in Resources */ = {isa = PBXBuildFile; fileRef = B360D88928090D680084FB22 /* NotoSansKR-Light.otf */; };
		B360D89028090D6A0084FB22 /* NotoSansKR-Thin.otf in Resources */ = {isa = PBXBuildFile; fileRef = B360D88A28090D690084FB22 /* NotoSansKR-Thin.otf */; };
		B360D89128090D6A0084FB22 /* NotoSansKR-Black.otf in Resources */ = {isa = PBXBuildFile; fileRef = B360D88B28090D690084FB22 /* NotoSansKR-Black.otf */; };
		B360D89228090D6A0084FB22 /* NotoSansKR-Medium.otf in Resources */ = {isa = PBXBuildFile; fileRef = B360D88C28090D6A0084FB22 /* NotoSansKR-Medium.otf */; };
		B360D89328090D6A0084FB22 /* NotoSansKR-Regular.otf in Resources */ = {isa = PBXBuildFile; fileRef = B360D88D28090D6A0084FB22 /* NotoSansKR-Regular.otf */; };
		B3844E8E28099EE3007A5215 /* CardCollectionViewCell.swift in Sources */ = {isa = PBXBuildFile; fileRef = B3844E8C28099EE3007A5215 /* CardCollectionViewCell.swift */; };
		B3844E8F28099EE3007A5215 /* CardCollectionViewCell.xib in Resources */ = {isa = PBXBuildFile; fileRef = B3844E8D28099EE3007A5215 /* CardCollectionViewCell.xib */; };
		B3B4F85A28114EEB009F9E6C /* ShowCardCollectionViewCell.swift in Sources */ = {isa = PBXBuildFile; fileRef = B3B4F85828114EEB009F9E6C /* ShowCardCollectionViewCell.swift */; };
		B3B4F85B28114EEB009F9E6C /* ShowCardCollectionViewCell.xib in Resources */ = {isa = PBXBuildFile; fileRef = B3B4F85928114EEB009F9E6C /* ShowCardCollectionViewCell.xib */; };
		B3BD699227E98E0E00A32A7A /* JupiterViewController.swift in Sources */ = {isa = PBXBuildFile; fileRef = B3BD699127E98E0E00A32A7A /* JupiterViewController.swift */; };
		B3BD699827E9A4A500A32A7A /* ColorPalette.swift in Sources */ = {isa = PBXBuildFile; fileRef = B3BD699727E9A4A500A32A7A /* ColorPalette.swift */; };
		B3BD699A27E9A4BE00A32A7A /* Colors.xcassets in Resources */ = {isa = PBXBuildFile; fileRef = B3BD699927E9A4BE00A32A7A /* Colors.xcassets */; };
		B3BD699D27E9A4FE00A32A7A /* setCharacterSpacing.swift in Sources */ = {isa = PBXBuildFile; fileRef = B3BD699C27E9A4FE00A32A7A /* setCharacterSpacing.swift */; };
		B3BD699F27E9A51100A32A7A /* makeVibrate.swift in Sources */ = {isa = PBXBuildFile; fileRef = B3BD699E27E9A51100A32A7A /* makeVibrate.swift */; };
		B3BD69A127E9A52500A32A7A /* applyShadow.swift in Sources */ = {isa = PBXBuildFile; fileRef = B3BD69A027E9A52500A32A7A /* applyShadow.swift */; };
		B3BD69A427E9A54700A32A7A /* StringExtension.swift in Sources */ = {isa = PBXBuildFile; fileRef = B3BD69A327E9A54700A32A7A /* StringExtension.swift */; };
		B3BD69A627E9A55400A32A7A /* UIViewExtension.swift in Sources */ = {isa = PBXBuildFile; fileRef = B3BD69A527E9A55400A32A7A /* UIViewExtension.swift */; };
		B3BD69A827E9A56B00A32A7A /* UITableViewRegisterable.swift in Sources */ = {isa = PBXBuildFile; fileRef = B3BD69A727E9A56B00A32A7A /* UITableViewRegisterable.swift */; };
		B3BD69AA27E9A57500A32A7A /* getClassName + UIViewController.swift in Sources */ = {isa = PBXBuildFile; fileRef = B3BD69A927E9A57500A32A7A /* getClassName + UIViewController.swift */; };
		B3BD69AC27E9A57E00A32A7A /* UICollectionViewRegisterable.swift in Sources */ = {isa = PBXBuildFile; fileRef = B3BD69AB27E9A57E00A32A7A /* UICollectionViewRegisterable.swift */; };
		B3BD69AF27E9A78000A32A7A /* SectorContainerTableViewCell.swift in Sources */ = {isa = PBXBuildFile; fileRef = B3BD69AD27E9A78000A32A7A /* SectorContainerTableViewCell.swift */; };
		B3BD69B027E9A78000A32A7A /* SectorContainerTableViewCell.xib in Resources */ = {isa = PBXBuildFile; fileRef = B3BD69AE27E9A78000A32A7A /* SectorContainerTableViewCell.xib */; };
		B3BD69B427E9A8AD00A32A7A /* ZoneCollectionViewCell.swift in Sources */ = {isa = PBXBuildFile; fileRef = B3BD69B227E9A8AD00A32A7A /* ZoneCollectionViewCell.swift */; };
		B3BD69B527E9A8AD00A32A7A /* ZoneCollectionViewCell.xib in Resources */ = {isa = PBXBuildFile; fileRef = B3BD69B327E9A8AD00A32A7A /* ZoneCollectionViewCell.xib */; };
		B3BD69B827E9ABA300A32A7A /* DataModel.swift in Sources */ = {isa = PBXBuildFile; fileRef = B3BD69B727E9ABA300A32A7A /* DataModel.swift */; };
		B3BD69BA27E9ABB200A32A7A /* ZoneDataModel.swift in Sources */ = {isa = PBXBuildFile; fileRef = B3BD69B927E9ABB200A32A7A /* ZoneDataModel.swift */; };
		B3C09C64280E941B00E6F55F /* ShowCardViewController.swift in Sources */ = {isa = PBXBuildFile; fileRef = B3C09C63280E941B00E6F55F /* ShowCardViewController.swift */; };
		B3DE146D280E7146006DA43C /* AddCardViewController.swift in Sources */ = {isa = PBXBuildFile; fileRef = B3DE146C280E7146006DA43C /* AddCardViewController.swift */; };
		B3DE146F280E7556006DA43C /* UIApplicationExtension.swift in Sources */ = {isa = PBXBuildFile; fileRef = B3DE146E280E7556006DA43C /* UIApplicationExtension.swift */; };
/* End PBXBuildFile section */

/* Begin PBXContainerItemProxy section */
		607FACE61AFB9204008FA782 /* PBXContainerItemProxy */ = {
			isa = PBXContainerItemProxy;
			containerPortal = 607FACC81AFB9204008FA782 /* Project object */;
			proxyType = 1;
			remoteGlobalIDString = 607FACCF1AFB9204008FA782;
			remoteInfo = JupiterSDK;
		};
/* End PBXContainerItemProxy section */

/* Begin PBXFileReference section */
		001F364143D86A2C5C1D9BB0 /* Pods-JupiterSDK_Tests.release.xcconfig */ = {isa = PBXFileReference; includeInIndex = 1; lastKnownFileType = text.xcconfig; name = "Pods-JupiterSDK_Tests.release.xcconfig"; path = "Target Support Files/Pods-JupiterSDK_Tests/Pods-JupiterSDK_Tests.release.xcconfig"; sourceTree = "<group>"; };
		33536F035F43D878561B6254 /* LICENSE */ = {isa = PBXFileReference; includeInIndex = 1; lastKnownFileType = text; name = LICENSE; path = ../LICENSE; sourceTree = "<group>"; };
		38E38E00A30376AD81C0CB48 /* JupiterSDK.podspec */ = {isa = PBXFileReference; includeInIndex = 1; lastKnownFileType = text; name = JupiterSDK.podspec; path = ../JupiterSDK.podspec; sourceTree = "<group>"; };
		4B6D660DDF3C43E212E26391 /* Pods-JupiterSDK_Tests.debug.xcconfig */ = {isa = PBXFileReference; includeInIndex = 1; lastKnownFileType = text.xcconfig; name = "Pods-JupiterSDK_Tests.debug.xcconfig"; path = "Target Support Files/Pods-JupiterSDK_Tests/Pods-JupiterSDK_Tests.debug.xcconfig"; sourceTree = "<group>"; };
		607FACD01AFB9204008FA782 /* JupiterSDK_Example.app */ = {isa = PBXFileReference; explicitFileType = wrapper.application; includeInIndex = 0; path = JupiterSDK_Example.app; sourceTree = BUILT_PRODUCTS_DIR; };
		607FACD41AFB9204008FA782 /* Info.plist */ = {isa = PBXFileReference; lastKnownFileType = text.plist.xml; path = Info.plist; sourceTree = "<group>"; };
		607FACD51AFB9204008FA782 /* AppDelegate.swift */ = {isa = PBXFileReference; lastKnownFileType = sourcecode.swift; path = AppDelegate.swift; sourceTree = "<group>"; };
		607FACD71AFB9204008FA782 /* MainViewController.swift */ = {isa = PBXFileReference; lastKnownFileType = sourcecode.swift; path = MainViewController.swift; sourceTree = "<group>"; };
		607FACDA1AFB9204008FA782 /* Base */ = {isa = PBXFileReference; lastKnownFileType = file.storyboard; name = Base; path = Base.lproj/Main.storyboard; sourceTree = "<group>"; };
		607FACDC1AFB9204008FA782 /* Images.xcassets */ = {isa = PBXFileReference; lastKnownFileType = folder.assetcatalog; path = Images.xcassets; sourceTree = "<group>"; };
		607FACDF1AFB9204008FA782 /* Base */ = {isa = PBXFileReference; lastKnownFileType = file.xib; name = Base; path = Base.lproj/LaunchScreen.xib; sourceTree = "<group>"; };
		607FACE51AFB9204008FA782 /* JupiterSDK_Tests.xctest */ = {isa = PBXFileReference; explicitFileType = wrapper.cfbundle; includeInIndex = 0; path = JupiterSDK_Tests.xctest; sourceTree = BUILT_PRODUCTS_DIR; };
		607FACEA1AFB9204008FA782 /* Info.plist */ = {isa = PBXFileReference; lastKnownFileType = text.plist.xml; path = Info.plist; sourceTree = "<group>"; };
		607FACEB1AFB9204008FA782 /* Tests.swift */ = {isa = PBXFileReference; lastKnownFileType = sourcecode.swift; path = Tests.swift; sourceTree = "<group>"; };
		6C664AF60D59718EECD6DBBC /* Pods-JupiterSDK_Example.debug.xcconfig */ = {isa = PBXFileReference; includeInIndex = 1; lastKnownFileType = text.xcconfig; name = "Pods-JupiterSDK_Example.debug.xcconfig"; path = "Target Support Files/Pods-JupiterSDK_Example/Pods-JupiterSDK_Example.debug.xcconfig"; sourceTree = "<group>"; };
		8B538B887A8FED7CB659550A /* Pods-JupiterSDK_Example.release.xcconfig */ = {isa = PBXFileReference; includeInIndex = 1; lastKnownFileType = text.xcconfig; name = "Pods-JupiterSDK_Example.release.xcconfig"; path = "Target Support Files/Pods-JupiterSDK_Example/Pods-JupiterSDK_Example.release.xcconfig"; sourceTree = "<group>"; };
		B340EE3228093FB20096E404 /* CardViewController.swift */ = {isa = PBXFileReference; lastKnownFileType = sourcecode.swift; path = CardViewController.swift; sourceTree = "<group>"; };
		B340EE3C280965F90096E404 /* CollectionViewCell.swift */ = {isa = PBXFileReference; lastKnownFileType = sourcecode.swift; path = CollectionViewCell.swift; sourceTree = "<group>"; };
		B360D8642807C6090084FB22 /* GoogleService-Info.plist */ = {isa = PBXFileReference; fileEncoding = 4; lastKnownFileType = text.plist.xml; name = "GoogleService-Info.plist"; path = "../../../../Downloads/GoogleService-Info.plist"; sourceTree = "<group>"; };
		B360D88828090D680084FB22 /* NotoSansKR-Bold.otf */ = {isa = PBXFileReference; lastKnownFileType = file; path = "NotoSansKR-Bold.otf"; sourceTree = "<group>"; };
		B360D88928090D680084FB22 /* NotoSansKR-Light.otf */ = {isa = PBXFileReference; lastKnownFileType = file; path = "NotoSansKR-Light.otf"; sourceTree = "<group>"; };
		B360D88A28090D690084FB22 /* NotoSansKR-Thin.otf */ = {isa = PBXFileReference; lastKnownFileType = file; path = "NotoSansKR-Thin.otf"; sourceTree = "<group>"; };
		B360D88B28090D690084FB22 /* NotoSansKR-Black.otf */ = {isa = PBXFileReference; lastKnownFileType = file; path = "NotoSansKR-Black.otf"; sourceTree = "<group>"; };
		B360D88C28090D6A0084FB22 /* NotoSansKR-Medium.otf */ = {isa = PBXFileReference; lastKnownFileType = file; path = "NotoSansKR-Medium.otf"; sourceTree = "<group>"; };
		B360D88D28090D6A0084FB22 /* NotoSansKR-Regular.otf */ = {isa = PBXFileReference; lastKnownFileType = file; path = "NotoSansKR-Regular.otf"; sourceTree = "<group>"; };
		B3844E8C28099EE3007A5215 /* CardCollectionViewCell.swift */ = {isa = PBXFileReference; lastKnownFileType = sourcecode.swift; path = CardCollectionViewCell.swift; sourceTree = "<group>"; };
		B3844E8D28099EE3007A5215 /* CardCollectionViewCell.xib */ = {isa = PBXFileReference; lastKnownFileType = file.xib; path = CardCollectionViewCell.xib; sourceTree = "<group>"; };
		B3B4F85828114EEB009F9E6C /* ShowCardCollectionViewCell.swift */ = {isa = PBXFileReference; lastKnownFileType = sourcecode.swift; path = ShowCardCollectionViewCell.swift; sourceTree = "<group>"; };
		B3B4F85928114EEB009F9E6C /* ShowCardCollectionViewCell.xib */ = {isa = PBXFileReference; lastKnownFileType = file.xib; path = ShowCardCollectionViewCell.xib; sourceTree = "<group>"; };
		B3BD699127E98E0E00A32A7A /* JupiterViewController.swift */ = {isa = PBXFileReference; lastKnownFileType = sourcecode.swift; path = JupiterViewController.swift; sourceTree = "<group>"; };
		B3BD699727E9A4A500A32A7A /* ColorPalette.swift */ = {isa = PBXFileReference; lastKnownFileType = sourcecode.swift; path = ColorPalette.swift; sourceTree = "<group>"; };
		B3BD699927E9A4BE00A32A7A /* Colors.xcassets */ = {isa = PBXFileReference; lastKnownFileType = folder.assetcatalog; path = Colors.xcassets; sourceTree = "<group>"; };
		B3BD699C27E9A4FE00A32A7A /* setCharacterSpacing.swift */ = {isa = PBXFileReference; lastKnownFileType = sourcecode.swift; path = setCharacterSpacing.swift; sourceTree = "<group>"; };
		B3BD699E27E9A51100A32A7A /* makeVibrate.swift */ = {isa = PBXFileReference; lastKnownFileType = sourcecode.swift; path = makeVibrate.swift; sourceTree = "<group>"; };
		B3BD69A027E9A52500A32A7A /* applyShadow.swift */ = {isa = PBXFileReference; lastKnownFileType = sourcecode.swift; path = applyShadow.swift; sourceTree = "<group>"; };
		B3BD69A327E9A54700A32A7A /* StringExtension.swift */ = {isa = PBXFileReference; lastKnownFileType = sourcecode.swift; path = StringExtension.swift; sourceTree = "<group>"; };
		B3BD69A527E9A55400A32A7A /* UIViewExtension.swift */ = {isa = PBXFileReference; lastKnownFileType = sourcecode.swift; path = UIViewExtension.swift; sourceTree = "<group>"; };
		B3BD69A727E9A56B00A32A7A /* UITableViewRegisterable.swift */ = {isa = PBXFileReference; lastKnownFileType = sourcecode.swift; path = UITableViewRegisterable.swift; sourceTree = "<group>"; };
		B3BD69A927E9A57500A32A7A /* getClassName + UIViewController.swift */ = {isa = PBXFileReference; lastKnownFileType = sourcecode.swift; path = "getClassName + UIViewController.swift"; sourceTree = "<group>"; };
		B3BD69AB27E9A57E00A32A7A /* UICollectionViewRegisterable.swift */ = {isa = PBXFileReference; lastKnownFileType = sourcecode.swift; path = UICollectionViewRegisterable.swift; sourceTree = "<group>"; };
		B3BD69AD27E9A78000A32A7A /* SectorContainerTableViewCell.swift */ = {isa = PBXFileReference; lastKnownFileType = sourcecode.swift; path = SectorContainerTableViewCell.swift; sourceTree = "<group>"; };
		B3BD69AE27E9A78000A32A7A /* SectorContainerTableViewCell.xib */ = {isa = PBXFileReference; lastKnownFileType = file.xib; path = SectorContainerTableViewCell.xib; sourceTree = "<group>"; };
		B3BD69B227E9A8AD00A32A7A /* ZoneCollectionViewCell.swift */ = {isa = PBXFileReference; lastKnownFileType = sourcecode.swift; path = ZoneCollectionViewCell.swift; sourceTree = "<group>"; };
		B3BD69B327E9A8AD00A32A7A /* ZoneCollectionViewCell.xib */ = {isa = PBXFileReference; lastKnownFileType = file.xib; path = ZoneCollectionViewCell.xib; sourceTree = "<group>"; };
		B3BD69B727E9ABA300A32A7A /* DataModel.swift */ = {isa = PBXFileReference; lastKnownFileType = sourcecode.swift; path = DataModel.swift; sourceTree = "<group>"; };
		B3BD69B927E9ABB200A32A7A /* ZoneDataModel.swift */ = {isa = PBXFileReference; lastKnownFileType = sourcecode.swift; path = ZoneDataModel.swift; sourceTree = "<group>"; };
		B3C09C63280E941B00E6F55F /* ShowCardViewController.swift */ = {isa = PBXFileReference; lastKnownFileType = sourcecode.swift; path = ShowCardViewController.swift; sourceTree = "<group>"; };
		B3DE146C280E7146006DA43C /* AddCardViewController.swift */ = {isa = PBXFileReference; lastKnownFileType = sourcecode.swift; path = AddCardViewController.swift; sourceTree = "<group>"; };
		B3DE146E280E7556006DA43C /* UIApplicationExtension.swift */ = {isa = PBXFileReference; lastKnownFileType = sourcecode.swift; path = UIApplicationExtension.swift; sourceTree = "<group>"; };
		D004876B84847F9E6841D160 /* README.md */ = {isa = PBXFileReference; includeInIndex = 1; lastKnownFileType = net.daringfireball.markdown; name = README.md; path = ../README.md; sourceTree = "<group>"; };
		DB77B350B78C4D6D3DA0D745 /* Pods_JupiterSDK_Example.framework */ = {isa = PBXFileReference; explicitFileType = wrapper.framework; includeInIndex = 0; path = Pods_JupiterSDK_Example.framework; sourceTree = BUILT_PRODUCTS_DIR; };
		F53652D9802675AD38E29753 /* Pods_JupiterSDK_Tests.framework */ = {isa = PBXFileReference; explicitFileType = wrapper.framework; includeInIndex = 0; path = Pods_JupiterSDK_Tests.framework; sourceTree = BUILT_PRODUCTS_DIR; };
/* End PBXFileReference section */

/* Begin PBXFrameworksBuildPhase section */
		607FACCD1AFB9204008FA782 /* Frameworks */ = {
			isa = PBXFrameworksBuildPhase;
			buildActionMask = 2147483647;
			files = (
				9A16870CE33E63FE35238C05 /* Pods_JupiterSDK_Example.framework in Frameworks */,
			);
			runOnlyForDeploymentPostprocessing = 0;
		};
		607FACE21AFB9204008FA782 /* Frameworks */ = {
			isa = PBXFrameworksBuildPhase;
			buildActionMask = 2147483647;
			files = (
				094712FBE9AB87C7271608AA /* Pods_JupiterSDK_Tests.framework in Frameworks */,
			);
			runOnlyForDeploymentPostprocessing = 0;
		};
/* End PBXFrameworksBuildPhase section */

/* Begin PBXGroup section */
		55C75F73068E0C9C56DBFBAC /* Pods */ = {
			isa = PBXGroup;
			children = (
				6C664AF60D59718EECD6DBBC /* Pods-JupiterSDK_Example.debug.xcconfig */,
				8B538B887A8FED7CB659550A /* Pods-JupiterSDK_Example.release.xcconfig */,
				4B6D660DDF3C43E212E26391 /* Pods-JupiterSDK_Tests.debug.xcconfig */,
				001F364143D86A2C5C1D9BB0 /* Pods-JupiterSDK_Tests.release.xcconfig */,
			);
			path = Pods;
			sourceTree = "<group>";
		};
		607FACC71AFB9204008FA782 = {
			isa = PBXGroup;
			children = (
				607FACF51AFB993E008FA782 /* Podspec Metadata */,
				607FACD21AFB9204008FA782 /* Example for JupiterSDK */,
				607FACE81AFB9204008FA782 /* Tests */,
				607FACD11AFB9204008FA782 /* Products */,
				55C75F73068E0C9C56DBFBAC /* Pods */,
				FF4C89D2434460AC285975FD /* Frameworks */,
			);
			sourceTree = "<group>";
		};
		607FACD11AFB9204008FA782 /* Products */ = {
			isa = PBXGroup;
			children = (
				607FACD01AFB9204008FA782 /* JupiterSDK_Example.app */,
				607FACE51AFB9204008FA782 /* JupiterSDK_Tests.xctest */,
			);
			name = Products;
			sourceTree = "<group>";
		};
		607FACD21AFB9204008FA782 /* Example for JupiterSDK */ = {
			isa = PBXGroup;
			children = (
				B360D88728090D400084FB22 /* Fonts */,
				B3BD69B627E9AB9400A32A7A /* DataModel */,
				B3BD69B127E9A88B00A32A7A /* Sector */,
				B3BD69A227E9A53C00A32A7A /* Extensions */,
				B3BD699B27E9A4D100A32A7A /* Utils */,
				B3BD699627E9A48E00A32A7A /* Color */,
				607FACD51AFB9204008FA782 /* AppDelegate.swift */,
				607FACD71AFB9204008FA782 /* MainViewController.swift */,
				B3BD699127E98E0E00A32A7A /* JupiterViewController.swift */,
				B340EE3228093FB20096E404 /* CardViewController.swift */,
				B3844E8C28099EE3007A5215 /* CardCollectionViewCell.swift */,
				B3844E8D28099EE3007A5215 /* CardCollectionViewCell.xib */,
				B3C09C63280E941B00E6F55F /* ShowCardViewController.swift */,
				B3B4F85828114EEB009F9E6C /* ShowCardCollectionViewCell.swift */,
				B3B4F85928114EEB009F9E6C /* ShowCardCollectionViewCell.xib */,
				B3DE146C280E7146006DA43C /* AddCardViewController.swift */,
				607FACD91AFB9204008FA782 /* Main.storyboard */,
				607FACDE1AFB9204008FA782 /* LaunchScreen.xib */,
				B340EE3C280965F90096E404 /* CollectionViewCell.swift */,
				607FACDC1AFB9204008FA782 /* Images.xcassets */,
				607FACD31AFB9204008FA782 /* Supporting Files */,
			);
			name = "Example for JupiterSDK";
			path = JupiterSDK;
			sourceTree = "<group>";
		};
		607FACD31AFB9204008FA782 /* Supporting Files */ = {
			isa = PBXGroup;
			children = (
				B360D8642807C6090084FB22 /* GoogleService-Info.plist */,
				607FACD41AFB9204008FA782 /* Info.plist */,
			);
			name = "Supporting Files";
			sourceTree = "<group>";
		};
		607FACE81AFB9204008FA782 /* Tests */ = {
			isa = PBXGroup;
			children = (
				607FACEB1AFB9204008FA782 /* Tests.swift */,
				607FACE91AFB9204008FA782 /* Supporting Files */,
			);
			path = Tests;
			sourceTree = "<group>";
		};
		607FACE91AFB9204008FA782 /* Supporting Files */ = {
			isa = PBXGroup;
			children = (
				607FACEA1AFB9204008FA782 /* Info.plist */,
			);
			name = "Supporting Files";
			sourceTree = "<group>";
		};
		607FACF51AFB993E008FA782 /* Podspec Metadata */ = {
			isa = PBXGroup;
			children = (
				38E38E00A30376AD81C0CB48 /* JupiterSDK.podspec */,
				D004876B84847F9E6841D160 /* README.md */,
				33536F035F43D878561B6254 /* LICENSE */,
			);
			name = "Podspec Metadata";
			sourceTree = "<group>";
		};
		B360D88728090D400084FB22 /* Fonts */ = {
			isa = PBXGroup;
			children = (
				B360D88B28090D690084FB22 /* NotoSansKR-Black.otf */,
				B360D88828090D680084FB22 /* NotoSansKR-Bold.otf */,
				B360D88928090D680084FB22 /* NotoSansKR-Light.otf */,
				B360D88C28090D6A0084FB22 /* NotoSansKR-Medium.otf */,
				B360D88D28090D6A0084FB22 /* NotoSansKR-Regular.otf */,
				B360D88A28090D690084FB22 /* NotoSansKR-Thin.otf */,
			);
			name = Fonts;
			sourceTree = "<group>";
		};
		B3BD699627E9A48E00A32A7A /* Color */ = {
			isa = PBXGroup;
			children = (
				B3BD699727E9A4A500A32A7A /* ColorPalette.swift */,
				B3BD699927E9A4BE00A32A7A /* Colors.xcassets */,
			);
			name = Color;
			sourceTree = "<group>";
		};
		B3BD699B27E9A4D100A32A7A /* Utils */ = {
			isa = PBXGroup;
			children = (
				B3BD699C27E9A4FE00A32A7A /* setCharacterSpacing.swift */,
				B3BD699E27E9A51100A32A7A /* makeVibrate.swift */,
				B3BD69A027E9A52500A32A7A /* applyShadow.swift */,
			);
			name = Utils;
			sourceTree = "<group>";
		};
		B3BD69A227E9A53C00A32A7A /* Extensions */ = {
			isa = PBXGroup;
			children = (
				B3BD69A327E9A54700A32A7A /* StringExtension.swift */,
				B3BD69A527E9A55400A32A7A /* UIViewExtension.swift */,
				B3BD69A727E9A56B00A32A7A /* UITableViewRegisterable.swift */,
				B3BD69A927E9A57500A32A7A /* getClassName + UIViewController.swift */,
				B3BD69AB27E9A57E00A32A7A /* UICollectionViewRegisterable.swift */,
				B3DE146E280E7556006DA43C /* UIApplicationExtension.swift */,
			);
			name = Extensions;
			sourceTree = "<group>";
		};
		B3BD69B127E9A88B00A32A7A /* Sector */ = {
			isa = PBXGroup;
			children = (
				B3BD69AD27E9A78000A32A7A /* SectorContainerTableViewCell.swift */,
				B3BD69AE27E9A78000A32A7A /* SectorContainerTableViewCell.xib */,
				B3BD69B227E9A8AD00A32A7A /* ZoneCollectionViewCell.swift */,
				B3BD69B327E9A8AD00A32A7A /* ZoneCollectionViewCell.xib */,
			);
			name = Sector;
			sourceTree = "<group>";
		};
		B3BD69B627E9AB9400A32A7A /* DataModel */ = {
			isa = PBXGroup;
			children = (
				B3BD69B727E9ABA300A32A7A /* DataModel.swift */,
				B3BD69B927E9ABB200A32A7A /* ZoneDataModel.swift */,
			);
			name = DataModel;
			sourceTree = "<group>";
		};
		FF4C89D2434460AC285975FD /* Frameworks */ = {
			isa = PBXGroup;
			children = (
				DB77B350B78C4D6D3DA0D745 /* Pods_JupiterSDK_Example.framework */,
				F53652D9802675AD38E29753 /* Pods_JupiterSDK_Tests.framework */,
			);
			name = Frameworks;
			sourceTree = "<group>";
		};
/* End PBXGroup section */

/* Begin PBXNativeTarget section */
		607FACCF1AFB9204008FA782 /* JupiterSDK_Example */ = {
			isa = PBXNativeTarget;
			buildConfigurationList = 607FACEF1AFB9204008FA782 /* Build configuration list for PBXNativeTarget "JupiterSDK_Example" */;
			buildPhases = (
				774B71CB4D5E4242C61C00C2 /* [CP] Check Pods Manifest.lock */,
				607FACCC1AFB9204008FA782 /* Sources */,
				607FACCD1AFB9204008FA782 /* Frameworks */,
				607FACCE1AFB9204008FA782 /* Resources */,
				AF28ADD773DBAE740D1486FB /* [CP] Embed Pods Frameworks */,
			);
			buildRules = (
			);
			dependencies = (
			);
			name = JupiterSDK_Example;
			productName = JupiterSDK;
			productReference = 607FACD01AFB9204008FA782 /* JupiterSDK_Example.app */;
			productType = "com.apple.product-type.application";
		};
		607FACE41AFB9204008FA782 /* JupiterSDK_Tests */ = {
			isa = PBXNativeTarget;
			buildConfigurationList = 607FACF21AFB9204008FA782 /* Build configuration list for PBXNativeTarget "JupiterSDK_Tests" */;
			buildPhases = (
				5EE5C1F2E68543DCD7BBD4F6 /* [CP] Check Pods Manifest.lock */,
				607FACE11AFB9204008FA782 /* Sources */,
				607FACE21AFB9204008FA782 /* Frameworks */,
				607FACE31AFB9204008FA782 /* Resources */,
			);
			buildRules = (
			);
			dependencies = (
				607FACE71AFB9204008FA782 /* PBXTargetDependency */,
			);
			name = JupiterSDK_Tests;
			productName = Tests;
			productReference = 607FACE51AFB9204008FA782 /* JupiterSDK_Tests.xctest */;
			productType = "com.apple.product-type.bundle.unit-test";
		};
/* End PBXNativeTarget section */

/* Begin PBXProject section */
		607FACC81AFB9204008FA782 /* Project object */ = {
			isa = PBXProject;
			attributes = {
				LastSwiftUpdateCheck = 0830;
				LastUpgradeCheck = 0830;
				ORGANIZATIONNAME = CocoaPods;
				TargetAttributes = {
					607FACCF1AFB9204008FA782 = {
						CreatedOnToolsVersion = 6.3.1;
						DevelopmentTeam = G75UAV755N;
						LastSwiftMigration = 0900;
					};
					607FACE41AFB9204008FA782 = {
						CreatedOnToolsVersion = 6.3.1;
						DevelopmentTeam = G75UAV755N;
						LastSwiftMigration = 0900;
						TestTargetID = 607FACCF1AFB9204008FA782;
					};
				};
			};
			buildConfigurationList = 607FACCB1AFB9204008FA782 /* Build configuration list for PBXProject "JupiterSDK" */;
			compatibilityVersion = "Xcode 3.2";
			developmentRegion = English;
			hasScannedForEncodings = 0;
			knownRegions = (
				English,
				en,
				Base,
			);
			mainGroup = 607FACC71AFB9204008FA782;
			productRefGroup = 607FACD11AFB9204008FA782 /* Products */;
			projectDirPath = "";
			projectRoot = "";
			targets = (
				607FACCF1AFB9204008FA782 /* JupiterSDK_Example */,
				607FACE41AFB9204008FA782 /* JupiterSDK_Tests */,
			);
		};
/* End PBXProject section */

/* Begin PBXResourcesBuildPhase section */
		607FACCE1AFB9204008FA782 /* Resources */ = {
			isa = PBXResourcesBuildPhase;
			buildActionMask = 2147483647;
			files = (
				B360D89228090D6A0084FB22 /* NotoSansKR-Medium.otf in Resources */,
				B360D89328090D6A0084FB22 /* NotoSansKR-Regular.otf in Resources */,
				B3BD69B527E9A8AD00A32A7A /* ZoneCollectionViewCell.xib in Resources */,
				B360D89128090D6A0084FB22 /* NotoSansKR-Black.otf in Resources */,
				607FACDB1AFB9204008FA782 /* Main.storyboard in Resources */,
				B360D88E28090D6A0084FB22 /* NotoSansKR-Bold.otf in Resources */,
				B3B4F85B28114EEB009F9E6C /* ShowCardCollectionViewCell.xib in Resources */,
				B3BD699A27E9A4BE00A32A7A /* Colors.xcassets in Resources */,
				B360D89028090D6A0084FB22 /* NotoSansKR-Thin.otf in Resources */,
				607FACE01AFB9204008FA782 /* LaunchScreen.xib in Resources */,
				607FACDD1AFB9204008FA782 /* Images.xcassets in Resources */,
				B360D88F28090D6A0084FB22 /* NotoSansKR-Light.otf in Resources */,
				B3BD69B027E9A78000A32A7A /* SectorContainerTableViewCell.xib in Resources */,
				B3844E8F28099EE3007A5215 /* CardCollectionViewCell.xib in Resources */,
				B360D8652807C6090084FB22 /* GoogleService-Info.plist in Resources */,
			);
			runOnlyForDeploymentPostprocessing = 0;
		};
		607FACE31AFB9204008FA782 /* Resources */ = {
			isa = PBXResourcesBuildPhase;
			buildActionMask = 2147483647;
			files = (
			);
			runOnlyForDeploymentPostprocessing = 0;
		};
/* End PBXResourcesBuildPhase section */

/* Begin PBXShellScriptBuildPhase section */
		5EE5C1F2E68543DCD7BBD4F6 /* [CP] Check Pods Manifest.lock */ = {
			isa = PBXShellScriptBuildPhase;
			buildActionMask = 2147483647;
			files = (
			);
			inputFileListPaths = (
			);
			inputPaths = (
				"${PODS_PODFILE_DIR_PATH}/Podfile.lock",
				"${PODS_ROOT}/Manifest.lock",
			);
			name = "[CP] Check Pods Manifest.lock";
			outputFileListPaths = (
			);
			outputPaths = (
				"$(DERIVED_FILE_DIR)/Pods-JupiterSDK_Tests-checkManifestLockResult.txt",
			);
			runOnlyForDeploymentPostprocessing = 0;
			shellPath = /bin/sh;
			shellScript = "diff \"${PODS_PODFILE_DIR_PATH}/Podfile.lock\" \"${PODS_ROOT}/Manifest.lock\" > /dev/null\nif [ $? != 0 ] ; then\n    # print error to STDERR\n    echo \"error: The sandbox is not in sync with the Podfile.lock. Run 'pod install' or update your CocoaPods installation.\" >&2\n    exit 1\nfi\n# This output is used by Xcode 'outputs' to avoid re-running this script phase.\necho \"SUCCESS\" > \"${SCRIPT_OUTPUT_FILE_0}\"\n";
			showEnvVarsInLog = 0;
		};
		774B71CB4D5E4242C61C00C2 /* [CP] Check Pods Manifest.lock */ = {
			isa = PBXShellScriptBuildPhase;
			buildActionMask = 2147483647;
			files = (
			);
			inputFileListPaths = (
			);
			inputPaths = (
				"${PODS_PODFILE_DIR_PATH}/Podfile.lock",
				"${PODS_ROOT}/Manifest.lock",
			);
			name = "[CP] Check Pods Manifest.lock";
			outputFileListPaths = (
			);
			outputPaths = (
				"$(DERIVED_FILE_DIR)/Pods-JupiterSDK_Example-checkManifestLockResult.txt",
			);
			runOnlyForDeploymentPostprocessing = 0;
			shellPath = /bin/sh;
			shellScript = "diff \"${PODS_PODFILE_DIR_PATH}/Podfile.lock\" \"${PODS_ROOT}/Manifest.lock\" > /dev/null\nif [ $? != 0 ] ; then\n    # print error to STDERR\n    echo \"error: The sandbox is not in sync with the Podfile.lock. Run 'pod install' or update your CocoaPods installation.\" >&2\n    exit 1\nfi\n# This output is used by Xcode 'outputs' to avoid re-running this script phase.\necho \"SUCCESS\" > \"${SCRIPT_OUTPUT_FILE_0}\"\n";
			showEnvVarsInLog = 0;
		};
		AF28ADD773DBAE740D1486FB /* [CP] Embed Pods Frameworks */ = {
			isa = PBXShellScriptBuildPhase;
			buildActionMask = 2147483647;
			files = (
			);
			inputPaths = (
				"${PODS_ROOT}/Target Support Files/Pods-JupiterSDK_Example/Pods-JupiterSDK_Example-frameworks.sh",
				"${BUILT_PRODUCTS_DIR}/JupiterSDK/JupiterSDK.framework",
			);
			name = "[CP] Embed Pods Frameworks";
			outputPaths = (
				"${TARGET_BUILD_DIR}/${FRAMEWORKS_FOLDER_PATH}/JupiterSDK.framework",
			);
			runOnlyForDeploymentPostprocessing = 0;
			shellPath = /bin/sh;
			shellScript = "\"${PODS_ROOT}/Target Support Files/Pods-JupiterSDK_Example/Pods-JupiterSDK_Example-frameworks.sh\"\n";
			showEnvVarsInLog = 0;
		};
/* End PBXShellScriptBuildPhase section */

/* Begin PBXSourcesBuildPhase section */
		607FACCC1AFB9204008FA782 /* Sources */ = {
			isa = PBXSourcesBuildPhase;
			buildActionMask = 2147483647;
			files = (
				B3BD69AA27E9A57500A32A7A /* getClassName + UIViewController.swift in Sources */,
				B3BD699227E98E0E00A32A7A /* JupiterViewController.swift in Sources */,
				B3BD69AF27E9A78000A32A7A /* SectorContainerTableViewCell.swift in Sources */,
				B3BD69A127E9A52500A32A7A /* applyShadow.swift in Sources */,
				B3B4F85A28114EEB009F9E6C /* ShowCardCollectionViewCell.swift in Sources */,
				B3DE146D280E7146006DA43C /* AddCardViewController.swift in Sources */,
				B3C09C64280E941B00E6F55F /* ShowCardViewController.swift in Sources */,
				B3BD69AC27E9A57E00A32A7A /* UICollectionViewRegisterable.swift in Sources */,
				B3BD69BA27E9ABB200A32A7A /* ZoneDataModel.swift in Sources */,
				B3BD69B827E9ABA300A32A7A /* DataModel.swift in Sources */,
				607FACD81AFB9204008FA782 /* MainViewController.swift in Sources */,
				B3844E8E28099EE3007A5215 /* CardCollectionViewCell.swift in Sources */,
				B340EE3328093FB20096E404 /* CardViewController.swift in Sources */,
				B3BD699D27E9A4FE00A32A7A /* setCharacterSpacing.swift in Sources */,
				B3DE146F280E7556006DA43C /* UIApplicationExtension.swift in Sources */,
				B340EE3D280965F90096E404 /* CollectionViewCell.swift in Sources */,
				B3BD69A427E9A54700A32A7A /* StringExtension.swift in Sources */,
				B3BD69B427E9A8AD00A32A7A /* ZoneCollectionViewCell.swift in Sources */,
				607FACD61AFB9204008FA782 /* AppDelegate.swift in Sources */,
				B3BD69A627E9A55400A32A7A /* UIViewExtension.swift in Sources */,
				B3BD699827E9A4A500A32A7A /* ColorPalette.swift in Sources */,
				B3BD69A827E9A56B00A32A7A /* UITableViewRegisterable.swift in Sources */,
				B3BD699F27E9A51100A32A7A /* makeVibrate.swift in Sources */,
			);
			runOnlyForDeploymentPostprocessing = 0;
		};
		607FACE11AFB9204008FA782 /* Sources */ = {
			isa = PBXSourcesBuildPhase;
			buildActionMask = 2147483647;
			files = (
				607FACEC1AFB9204008FA782 /* Tests.swift in Sources */,
			);
			runOnlyForDeploymentPostprocessing = 0;
		};
/* End PBXSourcesBuildPhase section */

/* Begin PBXTargetDependency section */
		607FACE71AFB9204008FA782 /* PBXTargetDependency */ = {
			isa = PBXTargetDependency;
			target = 607FACCF1AFB9204008FA782 /* JupiterSDK_Example */;
			targetProxy = 607FACE61AFB9204008FA782 /* PBXContainerItemProxy */;
		};
/* End PBXTargetDependency section */

/* Begin PBXVariantGroup section */
		607FACD91AFB9204008FA782 /* Main.storyboard */ = {
			isa = PBXVariantGroup;
			children = (
				607FACDA1AFB9204008FA782 /* Base */,
			);
			name = Main.storyboard;
			sourceTree = "<group>";
		};
		607FACDE1AFB9204008FA782 /* LaunchScreen.xib */ = {
			isa = PBXVariantGroup;
			children = (
				607FACDF1AFB9204008FA782 /* Base */,
			);
			name = LaunchScreen.xib;
			sourceTree = "<group>";
		};
/* End PBXVariantGroup section */

/* Begin XCBuildConfiguration section */
		607FACED1AFB9204008FA782 /* Debug */ = {
			isa = XCBuildConfiguration;
			buildSettings = {
				ALWAYS_SEARCH_USER_PATHS = NO;
				CLANG_CXX_LANGUAGE_STANDARD = "gnu++0x";
				CLANG_CXX_LIBRARY = "libc++";
				CLANG_ENABLE_MODULES = YES;
				CLANG_ENABLE_OBJC_ARC = YES;
				CLANG_WARN_BLOCK_CAPTURE_AUTORELEASING = YES;
				CLANG_WARN_BOOL_CONVERSION = YES;
				CLANG_WARN_COMMA = YES;
				CLANG_WARN_CONSTANT_CONVERSION = YES;
				CLANG_WARN_DIRECT_OBJC_ISA_USAGE = YES_ERROR;
				CLANG_WARN_EMPTY_BODY = YES;
				CLANG_WARN_ENUM_CONVERSION = YES;
				CLANG_WARN_INFINITE_RECURSION = YES;
				CLANG_WARN_INT_CONVERSION = YES;
				CLANG_WARN_NON_LITERAL_NULL_CONVERSION = YES;
				CLANG_WARN_OBJC_LITERAL_CONVERSION = YES;
				CLANG_WARN_OBJC_ROOT_CLASS = YES_ERROR;
				CLANG_WARN_RANGE_LOOP_ANALYSIS = YES;
				CLANG_WARN_STRICT_PROTOTYPES = YES;
				CLANG_WARN_SUSPICIOUS_MOVE = YES;
				CLANG_WARN_UNREACHABLE_CODE = YES;
				CLANG_WARN__DUPLICATE_METHOD_MATCH = YES;
				"CODE_SIGN_IDENTITY[sdk=iphoneos*]" = "iPhone Developer";
				COPY_PHASE_STRIP = NO;
				DEBUG_INFORMATION_FORMAT = "dwarf-with-dsym";
				ENABLE_STRICT_OBJC_MSGSEND = YES;
				ENABLE_TESTABILITY = YES;
				GCC_C_LANGUAGE_STANDARD = gnu99;
				GCC_DYNAMIC_NO_PIC = NO;
				GCC_NO_COMMON_BLOCKS = YES;
				GCC_OPTIMIZATION_LEVEL = 0;
				GCC_PREPROCESSOR_DEFINITIONS = (
					"DEBUG=1",
					"$(inherited)",
				);
				GCC_SYMBOLS_PRIVATE_EXTERN = NO;
				GCC_WARN_64_TO_32_BIT_CONVERSION = YES;
				GCC_WARN_ABOUT_RETURN_TYPE = YES_ERROR;
				GCC_WARN_UNDECLARED_SELECTOR = YES;
				GCC_WARN_UNINITIALIZED_AUTOS = YES_AGGRESSIVE;
				GCC_WARN_UNUSED_FUNCTION = YES;
				GCC_WARN_UNUSED_VARIABLE = YES;
				IPHONEOS_DEPLOYMENT_TARGET = 13.2;
				MTL_ENABLE_DEBUG_INFO = YES;
				ONLY_ACTIVE_ARCH = YES;
				SDKROOT = iphoneos;
				SWIFT_OPTIMIZATION_LEVEL = "-Onone";
			};
			name = Debug;
		};
		607FACEE1AFB9204008FA782 /* Release */ = {
			isa = XCBuildConfiguration;
			buildSettings = {
				ALWAYS_SEARCH_USER_PATHS = NO;
				CLANG_CXX_LANGUAGE_STANDARD = "gnu++0x";
				CLANG_CXX_LIBRARY = "libc++";
				CLANG_ENABLE_MODULES = YES;
				CLANG_ENABLE_OBJC_ARC = YES;
				CLANG_WARN_BLOCK_CAPTURE_AUTORELEASING = YES;
				CLANG_WARN_BOOL_CONVERSION = YES;
				CLANG_WARN_COMMA = YES;
				CLANG_WARN_CONSTANT_CONVERSION = YES;
				CLANG_WARN_DIRECT_OBJC_ISA_USAGE = YES_ERROR;
				CLANG_WARN_EMPTY_BODY = YES;
				CLANG_WARN_ENUM_CONVERSION = YES;
				CLANG_WARN_INFINITE_RECURSION = YES;
				CLANG_WARN_INT_CONVERSION = YES;
				CLANG_WARN_NON_LITERAL_NULL_CONVERSION = YES;
				CLANG_WARN_OBJC_LITERAL_CONVERSION = YES;
				CLANG_WARN_OBJC_ROOT_CLASS = YES_ERROR;
				CLANG_WARN_RANGE_LOOP_ANALYSIS = YES;
				CLANG_WARN_STRICT_PROTOTYPES = YES;
				CLANG_WARN_SUSPICIOUS_MOVE = YES;
				CLANG_WARN_UNREACHABLE_CODE = YES;
				CLANG_WARN__DUPLICATE_METHOD_MATCH = YES;
				"CODE_SIGN_IDENTITY[sdk=iphoneos*]" = "iPhone Developer";
				COPY_PHASE_STRIP = NO;
				DEBUG_INFORMATION_FORMAT = "dwarf-with-dsym";
				ENABLE_NS_ASSERTIONS = NO;
				ENABLE_STRICT_OBJC_MSGSEND = YES;
				GCC_C_LANGUAGE_STANDARD = gnu99;
				GCC_NO_COMMON_BLOCKS = YES;
				GCC_WARN_64_TO_32_BIT_CONVERSION = YES;
				GCC_WARN_ABOUT_RETURN_TYPE = YES_ERROR;
				GCC_WARN_UNDECLARED_SELECTOR = YES;
				GCC_WARN_UNINITIALIZED_AUTOS = YES_AGGRESSIVE;
				GCC_WARN_UNUSED_FUNCTION = YES;
				GCC_WARN_UNUSED_VARIABLE = YES;
				IPHONEOS_DEPLOYMENT_TARGET = 13.2;
				MTL_ENABLE_DEBUG_INFO = NO;
				SDKROOT = iphoneos;
				SWIFT_OPTIMIZATION_LEVEL = "-Owholemodule";
				VALIDATE_PRODUCT = YES;
			};
			name = Release;
		};
		607FACF01AFB9204008FA782 /* Debug */ = {
			isa = XCBuildConfiguration;
			baseConfigurationReference = 6C664AF60D59718EECD6DBBC /* Pods-JupiterSDK_Example.debug.xcconfig */;
			buildSettings = {
				ASSETCATALOG_COMPILER_APPICON_NAME = AppIcon;
				DEVELOPMENT_TEAM = G75UAV755N;
				INFOPLIST_FILE = JupiterSDK/Info.plist;
				LD_RUNPATH_SEARCH_PATHS = "$(inherited) @executable_path/Frameworks";
				MODULE_NAME = ExampleApp;
				PRODUCT_BUNDLE_IDENTIFIER = "org.cocoapods.demo.$(PRODUCT_NAME:rfc1034identifier)";
				PRODUCT_NAME = "$(TARGET_NAME)";
				SWIFT_SWIFT3_OBJC_INFERENCE = Default;
				SWIFT_VERSION = 5.0;
			};
			name = Debug;
		};
		607FACF11AFB9204008FA782 /* Release */ = {
			isa = XCBuildConfiguration;
			baseConfigurationReference = 8B538B887A8FED7CB659550A /* Pods-JupiterSDK_Example.release.xcconfig */;
			buildSettings = {
				ASSETCATALOG_COMPILER_APPICON_NAME = AppIcon;
				DEVELOPMENT_TEAM = G75UAV755N;
				INFOPLIST_FILE = JupiterSDK/Info.plist;
				LD_RUNPATH_SEARCH_PATHS = "$(inherited) @executable_path/Frameworks";
				MODULE_NAME = ExampleApp;
				PRODUCT_BUNDLE_IDENTIFIER = "org.cocoapods.demo.$(PRODUCT_NAME:rfc1034identifier)";
				PRODUCT_NAME = "$(TARGET_NAME)";
				SWIFT_SWIFT3_OBJC_INFERENCE = Default;
				SWIFT_VERSION = 5.0;
			};
			name = Release;
		};
		607FACF31AFB9204008FA782 /* Debug */ = {
			isa = XCBuildConfiguration;
			baseConfigurationReference = 4B6D660DDF3C43E212E26391 /* Pods-JupiterSDK_Tests.debug.xcconfig */;
			buildSettings = {
				DEVELOPMENT_TEAM = G75UAV755N;
				FRAMEWORK_SEARCH_PATHS = (
					"$(PLATFORM_DIR)/Developer/Library/Frameworks",
					"$(inherited)",
				);
				GCC_PREPROCESSOR_DEFINITIONS = (
					"DEBUG=1",
					"$(inherited)",
				);
				INFOPLIST_FILE = Tests/Info.plist;
				LD_RUNPATH_SEARCH_PATHS = "$(inherited) @executable_path/Frameworks @loader_path/Frameworks";
				PRODUCT_BUNDLE_IDENTIFIER = "org.cocoapods.$(PRODUCT_NAME:rfc1034identifier)";
				PRODUCT_NAME = "$(TARGET_NAME)";
				SWIFT_SWIFT3_OBJC_INFERENCE = Default;
				SWIFT_VERSION = 4.0;
				TEST_HOST = "$(BUILT_PRODUCTS_DIR)/JupiterSDK_Example.app/JupiterSDK_Example";
			};
			name = Debug;
		};
		607FACF41AFB9204008FA782 /* Release */ = {
			isa = XCBuildConfiguration;
			baseConfigurationReference = 001F364143D86A2C5C1D9BB0 /* Pods-JupiterSDK_Tests.release.xcconfig */;
			buildSettings = {
				DEVELOPMENT_TEAM = G75UAV755N;
				FRAMEWORK_SEARCH_PATHS = (
					"$(PLATFORM_DIR)/Developer/Library/Frameworks",
					"$(inherited)",
				);
				INFOPLIST_FILE = Tests/Info.plist;
				LD_RUNPATH_SEARCH_PATHS = "$(inherited) @executable_path/Frameworks @loader_path/Frameworks";
				PRODUCT_BUNDLE_IDENTIFIER = "org.cocoapods.$(PRODUCT_NAME:rfc1034identifier)";
				PRODUCT_NAME = "$(TARGET_NAME)";
				SWIFT_SWIFT3_OBJC_INFERENCE = Default;
				SWIFT_VERSION = 4.0;
				TEST_HOST = "$(BUILT_PRODUCTS_DIR)/JupiterSDK_Example.app/JupiterSDK_Example";
			};
			name = Release;
		};
/* End XCBuildConfiguration section */

/* Begin XCConfigurationList section */
		607FACCB1AFB9204008FA782 /* Build configuration list for PBXProject "JupiterSDK" */ = {
			isa = XCConfigurationList;
			buildConfigurations = (
				607FACED1AFB9204008FA782 /* Debug */,
				607FACEE1AFB9204008FA782 /* Release */,
			);
			defaultConfigurationIsVisible = 0;
			defaultConfigurationName = Release;
		};
		607FACEF1AFB9204008FA782 /* Build configuration list for PBXNativeTarget "JupiterSDK_Example" */ = {
			isa = XCConfigurationList;
			buildConfigurations = (
				607FACF01AFB9204008FA782 /* Debug */,
				607FACF11AFB9204008FA782 /* Release */,
			);
			defaultConfigurationIsVisible = 0;
			defaultConfigurationName = Release;
		};
		607FACF21AFB9204008FA782 /* Build configuration list for PBXNativeTarget "JupiterSDK_Tests" */ = {
			isa = XCConfigurationList;
			buildConfigurations = (
				607FACF31AFB9204008FA782 /* Debug */,
				607FACF41AFB9204008FA782 /* Release */,
			);
			defaultConfigurationIsVisible = 0;
			defaultConfigurationName = Release;
		};
/* End XCConfigurationList section */
	};
	rootObject = 607FACC81AFB9204008FA782 /* Project object */;
}
